{
  "name": "chunk",
  "version": "1.0.0",
  "lockfileVersion": 1,
  "requires": true,
  "dependencies": {
    "gar": {
      "version": "1.0.4",
      "resolved": "https://registry.npmjs.org/gar/-/gar-1.0.4.tgz",
      "integrity": "sha512-w4n9cPWyP7aHxKxYHFQMegj7WIAsL/YX/C4Bs5Rr8s1H9M1rNtRWRsw+ovYMkXDQ5S4ZbYHsHAPmevPjPgw44w=="
    },
    "get-folder-size": {
      "version": "2.0.1",
      "resolved": "https://registry.npmjs.org/get-folder-size/-/get-folder-size-2.0.1.tgz",
      "integrity": "sha512-+CEb+GDCM7tkOS2wdMKTn9vU7DgnKUTuDlehkNJKNSovdCOVxs14OfKCk4cvSaR3za4gj+OBdl9opPN9xrJ0zA==",
      "requires": {
        "gar": "^1.0.4",
        "tiny-each-async": "2.0.3"
      }
    },
    "tiny-each-async": {
      "version": "2.0.3",
      "resolved": "https://registry.npmjs.org/tiny-each-async/-/tiny-each-async-2.0.3.tgz",
      "integrity": "sha512-5ROII7nElnAirvFn8g7H7MtpfV1daMcyfTGQwsn/x2VtyV+VPiO5CjReCJtWLvoKTDEDmZocf3cNPraiMnBXLA=="
    }
  }
}
